
Microsoft Visual Studio Solution File, Format Version 12.00
# Visual Studio Version 17
VisualStudioVersion = 17.13.35931.197 d17.13
MinimumVisualStudioVersion = 10.0.40219.1
Project("{8BC9CEB8-8B4A-11D0-8D11-00A0C91BC942}") = "TennisGame", "TennisGame.vcxproj", "{2BE1639A-43F7-4B9A-957C-5A09C487F36B}"
EndProject
Global
	GlobalSection(SolutionConfigurationPlatforms) = preSolution
		Debug|x64 = Debug|x64
		Debug|x86 = Debug|x86
		Release|x64 = Release|x64
		Release|x86 = Release|x86
	EndGlobalSection
	GlobalSection(ProjectConfigurationPlatforms) = postSolution
		{2BE1639A-43F7-4B9A-957C-5A09C487F36B}.Debug|x64.ActiveCfg = Debug|x64
		{2BE1639A-43F7-4B9A-957C-5A09C487F36B}.Debug|x64.Build.0 = Debug|x64
		{2BE1639A-43F7-4B9A-957C-5A09C487F36B}.Debug|x86.ActiveCfg = Debug|Win32
		{2BE1639A-43F7-4B9A-957C-5A09C487F36B}.Debug|x86.Build.0 = Debug|Win32
		{2BE1639A-43F7-4B9A-957C-5A09C487F36B}.Release|x64.ActiveCfg = Release|x64
		{2BE1639A-43F7-4B9A-957C-5A09C487F36B}.Release|x64.Build.0 = Release|x64
		{2BE1639A-43F7-4B9A-957C-5A09C487F36B}.Release|x86.ActiveCfg = Release|Win32
		{2BE1639A-43F7-4B9A-957C-5A09C487F36B}.Release|x86.Build.0 = Release|Win32
	EndGlobalSection
	GlobalSection(SolutionProperties) = preSolution
		HideSolutionNode = FALSE
	EndGlobalSection
	GlobalSection(ExtensibilityGlobals) = postSolution
		SolutionGuid = {D49122DA-E92E-4458-9E5B-66746E386243}
	EndGlobalSection
EndGlobal
